// !$*UTF8*$!
{
	archiveVersion = 1;
	classes = {
	};
	objectVersion = 48;
	objects = {

/* Begin PBXBuildFile section */
		1ABBE84494484971DF9C47C6 /* Pods_CST_495_Week_1__FlixUITests.framework in Frameworks */ = {isa = PBXBuildFile; fileRef = F96FB101DF9FB5443125822C /* Pods_CST_495_Week_1__FlixUITests.framework */; };
		24B00231804A679956C5B02D /* Pods_CST_495_Week_1__Flix.framework in Frameworks */ = {isa = PBXBuildFile; fileRef = A8C32D6AC883F18CDAADE6F0 /* Pods_CST_495_Week_1__Flix.framework */; };
		6036E1512152AAC3006C3DA0 /* MovieCell.swift in Sources */ = {isa = PBXBuildFile; fileRef = 6036E1502152AAC3006C3DA0 /* MovieCell.swift */; };
		605E7E78214967910081F863 /* AppDelegate.swift in Sources */ = {isa = PBXBuildFile; fileRef = 605E7E77214967910081F863 /* AppDelegate.swift */; };
		605E7E7D214967910081F863 /* Main.storyboard in Resources */ = {isa = PBXBuildFile; fileRef = 605E7E7B214967910081F863 /* Main.storyboard */; };
		605E7E7F214967910081F863 /* Assets.xcassets in Resources */ = {isa = PBXBuildFile; fileRef = 605E7E7E214967910081F863 /* Assets.xcassets */; };
		605E7E82214967910081F863 /* LaunchScreen.storyboard in Resources */ = {isa = PBXBuildFile; fileRef = 605E7E80214967910081F863 /* LaunchScreen.storyboard */; };
		605E7E8D214967940081F863 /* CST_495_Week_1__FlixTests.swift in Sources */ = {isa = PBXBuildFile; fileRef = 605E7E8C214967940081F863 /* CST_495_Week_1__FlixTests.swift */; };
		605E7E98214967940081F863 /* CST_495_Week_1__FlixUITests.swift in Sources */ = {isa = PBXBuildFile; fileRef = 605E7E97214967940081F863 /* CST_495_Week_1__FlixUITests.swift */; };
		605E7EA62149777F0081F863 /* Now Playing VCViewController.swift in Sources */ = {isa = PBXBuildFile; fileRef = 605E7EA52149777F0081F863 /* Now Playing VCViewController.swift */; };
		60F6A8A0215BD9F1004CA2A3 /* DetailVC.swift in Sources */ = {isa = PBXBuildFile; fileRef = 60F6A89F215BD9F1004CA2A3 /* DetailVC.swift */; };
		EBFAF9F7FFC07442388E8BBD /* Pods_CST_495_Week_1__FlixTests.framework in Frameworks */ = {isa = PBXBuildFile; fileRef = 90B0411FF799D921829EF3FE /* Pods_CST_495_Week_1__FlixTests.framework */; };
/* End PBXBuildFile section */

/* Begin PBXContainerItemProxy section */
		605E7E89214967940081F863 /* PBXContainerItemProxy */ = {
			isa = PBXContainerItemProxy;
			containerPortal = 605E7E6C214967900081F863 /* Project object */;
			proxyType = 1;
			remoteGlobalIDString = 605E7E73214967910081F863;
			remoteInfo = "CST 495 Week 1: Flix";
		};
		605E7E94214967940081F863 /* PBXContainerItemProxy */ = {
			isa = PBXContainerItemProxy;
			containerPortal = 605E7E6C214967900081F863 /* Project object */;
			proxyType = 1;
			remoteGlobalIDString = 605E7E73214967910081F863;
			remoteInfo = "CST 495 Week 1: Flix";
		};
/* End PBXContainerItemProxy section */

/* Begin PBXFileReference section */
		25B57CE771EA20F383423179 /* Pods-CST 495 Week 1: FlixUITests.debug.xcconfig */ = {isa = PBXFileReference; includeInIndex = 1; lastKnownFileType = text.xcconfig; name = "Pods-CST 495 Week 1: FlixUITests.debug.xcconfig"; path = "Pods/Target Support Files/Pods-CST 495 Week 1: FlixUITests/Pods-CST 495 Week 1: FlixUITests.debug.xcconfig"; sourceTree = "<group>"; };
		3067A7DF1F29F8C2BE6C15AF /* Pods-CST 495 Week 1: Flix.release.xcconfig */ = {isa = PBXFileReference; includeInIndex = 1; lastKnownFileType = text.xcconfig; name = "Pods-CST 495 Week 1: Flix.release.xcconfig"; path = "Pods/Target Support Files/Pods-CST 495 Week 1: Flix/Pods-CST 495 Week 1: Flix.release.xcconfig"; sourceTree = "<group>"; };
		6036E1502152AAC3006C3DA0 /* MovieCell.swift */ = {isa = PBXFileReference; lastKnownFileType = sourcecode.swift; path = MovieCell.swift; sourceTree = "<group>"; };
		605E7E74214967910081F863 /* CST 495 Week 1: Flix.app */ = {isa = PBXFileReference; explicitFileType = wrapper.application; includeInIndex = 0; path = "CST 495 Week 1: Flix.app"; sourceTree = BUILT_PRODUCTS_DIR; };
		605E7E77214967910081F863 /* AppDelegate.swift */ = {isa = PBXFileReference; lastKnownFileType = sourcecode.swift; path = AppDelegate.swift; sourceTree = "<group>"; };
		605E7E7C214967910081F863 /* Base */ = {isa = PBXFileReference; lastKnownFileType = file.storyboard; name = Base; path = Base.lproj/Main.storyboard; sourceTree = "<group>"; };
		605E7E7E214967910081F863 /* Assets.xcassets */ = {isa = PBXFileReference; lastKnownFileType = folder.assetcatalog; path = Assets.xcassets; sourceTree = "<group>"; };
		605E7E81214967910081F863 /* Base */ = {isa = PBXFileReference; lastKnownFileType = file.storyboard; name = Base; path = Base.lproj/LaunchScreen.storyboard; sourceTree = "<group>"; };
		605E7E83214967910081F863 /* Info.plist */ = {isa = PBXFileReference; lastKnownFileType = text.plist.xml; path = Info.plist; sourceTree = "<group>"; };
		605E7E88214967940081F863 /* CST 495 Week 1: FlixTests.xctest */ = {isa = PBXFileReference; explicitFileType = wrapper.cfbundle; includeInIndex = 0; path = "CST 495 Week 1: FlixTests.xctest"; sourceTree = BUILT_PRODUCTS_DIR; };
		605E7E8C214967940081F863 /* CST_495_Week_1__FlixTests.swift */ = {isa = PBXFileReference; lastKnownFileType = sourcecode.swift; path = CST_495_Week_1__FlixTests.swift; sourceTree = "<group>"; };
		605E7E8E214967940081F863 /* Info.plist */ = {isa = PBXFileReference; lastKnownFileType = text.plist.xml; path = Info.plist; sourceTree = "<group>"; };
		605E7E93214967940081F863 /* CST 495 Week 1: FlixUITests.xctest */ = {isa = PBXFileReference; explicitFileType = wrapper.cfbundle; includeInIndex = 0; path = "CST 495 Week 1: FlixUITests.xctest"; sourceTree = BUILT_PRODUCTS_DIR; };
		605E7E97214967940081F863 /* CST_495_Week_1__FlixUITests.swift */ = {isa = PBXFileReference; lastKnownFileType = sourcecode.swift; path = CST_495_Week_1__FlixUITests.swift; sourceTree = "<group>"; };
		605E7E99214967940081F863 /* Info.plist */ = {isa = PBXFileReference; lastKnownFileType = text.plist.xml; path = Info.plist; sourceTree = "<group>"; };
		605E7EA52149777F0081F863 /* Now Playing VCViewController.swift */ = {isa = PBXFileReference; lastKnownFileType = sourcecode.swift; path = "Now Playing VCViewController.swift"; sourceTree = "<group>"; };
		60F6A89F215BD9F1004CA2A3 /* DetailVC.swift */ = {isa = PBXFileReference; lastKnownFileType = sourcecode.swift; path = DetailVC.swift; sourceTree = "<group>"; };
		90B0411FF799D921829EF3FE /* Pods_CST_495_Week_1__FlixTests.framework */ = {isa = PBXFileReference; explicitFileType = wrapper.framework; includeInIndex = 0; path = Pods_CST_495_Week_1__FlixTests.framework; sourceTree = BUILT_PRODUCTS_DIR; };
		9C73F65285034012120B2592 /* Pods-CST 495 Week 1: FlixUITests.release.xcconfig */ = {isa = PBXFileReference; includeInIndex = 1; lastKnownFileType = text.xcconfig; name = "Pods-CST 495 Week 1: FlixUITests.release.xcconfig"; path = "Pods/Target Support Files/Pods-CST 495 Week 1: FlixUITests/Pods-CST 495 Week 1: FlixUITests.release.xcconfig"; sourceTree = "<group>"; };
		A8C32D6AC883F18CDAADE6F0 /* Pods_CST_495_Week_1__Flix.framework */ = {isa = PBXFileReference; explicitFileType = wrapper.framework; includeInIndex = 0; path = Pods_CST_495_Week_1__Flix.framework; sourceTree = BUILT_PRODUCTS_DIR; };
		D74D9F2B339BCE594CFB3E2F /* Pods-CST 495 Week 1: Flix.debug.xcconfig */ = {isa = PBXFileReference; includeInIndex = 1; lastKnownFileType = text.xcconfig; name = "Pods-CST 495 Week 1: Flix.debug.xcconfig"; path = "Pods/Target Support Files/Pods-CST 495 Week 1: Flix/Pods-CST 495 Week 1: Flix.debug.xcconfig"; sourceTree = "<group>"; };
		E319C77A343D52CF32A5006B /* Pods-CST 495 Week 1: FlixTests.release.xcconfig */ = {isa = PBXFileReference; includeInIndex = 1; lastKnownFileType = text.xcconfig; name = "Pods-CST 495 Week 1: FlixTests.release.xcconfig"; path = "Pods/Target Support Files/Pods-CST 495 Week 1: FlixTests/Pods-CST 495 Week 1: FlixTests.release.xcconfig"; sourceTree = "<group>"; };
		F681339A87A5D4D7714873F0 /* Pods-CST 495 Week 1: FlixTests.debug.xcconfig */ = {isa = PBXFileReference; includeInIndex = 1; lastKnownFileType = text.xcconfig; name = "Pods-CST 495 Week 1: FlixTests.debug.xcconfig"; path = "Pods/Target Support Files/Pods-CST 495 Week 1: FlixTests/Pods-CST 495 Week 1: FlixTests.debug.xcconfig"; sourceTree = "<group>"; };
		F96FB101DF9FB5443125822C /* Pods_CST_495_Week_1__FlixUITests.framework */ = {isa = PBXFileReference; explicitFileType = wrapper.framework; includeInIndex = 0; path = Pods_CST_495_Week_1__FlixUITests.framework; sourceTree = BUILT_PRODUCTS_DIR; };
/* End PBXFileReference section */

/* Begin PBXFrameworksBuildPhase section */
		605E7E71214967910081F863 /* Frameworks */ = {
			isa = PBXFrameworksBuildPhase;
			buildActionMask = 2147483647;
			files = (
				24B00231804A679956C5B02D /* Pods_CST_495_Week_1__Flix.framework in Frameworks */,
			);
			runOnlyForDeploymentPostprocessing = 0;
		};
		605E7E85214967940081F863 /* Frameworks */ = {
			isa = PBXFrameworksBuildPhase;
			buildActionMask = 2147483647;
			files = (
				EBFAF9F7FFC07442388E8BBD /* Pods_CST_495_Week_1__FlixTests.framework in Frameworks */,
			);
			runOnlyForDeploymentPostprocessing = 0;
		};
		605E7E90214967940081F863 /* Frameworks */ = {
			isa = PBXFrameworksBuildPhase;
			buildActionMask = 2147483647;
			files = (
				1ABBE84494484971DF9C47C6 /* Pods_CST_495_Week_1__FlixUITests.framework in Frameworks */,
			);
			runOnlyForDeploymentPostprocessing = 0;
		};
/* End PBXFrameworksBuildPhase section */

/* Begin PBXGroup section */
		605E7E6B214967900081F863 = {
			isa = PBXGroup;
			children = (
				605E7E76214967910081F863 /* CST 495 Week 1: Flix */,
				605E7E8B214967940081F863 /* CST 495 Week 1: FlixTests */,
				605E7E96214967940081F863 /* CST 495 Week 1: FlixUITests */,
				605E7E75214967910081F863 /* Products */,
				8FFCFAD994085A41378BE480 /* Pods */,
				6F46083BDADFC9A89B0430E6 /* Frameworks */,
			);
			sourceTree = "<group>";
		};
		605E7E75214967910081F863 /* Products */ = {
			isa = PBXGroup;
			children = (
				605E7E74214967910081F863 /* CST 495 Week 1: Flix.app */,
				605E7E88214967940081F863 /* CST 495 Week 1: FlixTests.xctest */,
				605E7E93214967940081F863 /* CST 495 Week 1: FlixUITests.xctest */,
			);
			name = Products;
			sourceTree = "<group>";
		};
		605E7E76214967910081F863 /* CST 495 Week 1: Flix */ = {
			isa = PBXGroup;
			children = (
				60F6A89E215BD9A7004CA2A3 /* Views */,
				60F6A89D215BD998004CA2A3 /* ViewControllers */,
				605E7E77214967910081F863 /* AppDelegate.swift */,
				605E7E7B214967910081F863 /* Main.storyboard */,
				605E7E7E214967910081F863 /* Assets.xcassets */,
				605E7E80214967910081F863 /* LaunchScreen.storyboard */,
				605E7E83214967910081F863 /* Info.plist */,
			);
			path = "CST 495 Week 1: Flix";
			sourceTree = "<group>";
		};
		605E7E8B214967940081F863 /* CST 495 Week 1: FlixTests */ = {
			isa = PBXGroup;
			children = (
				605E7E8C214967940081F863 /* CST_495_Week_1__FlixTests.swift */,
				605E7E8E214967940081F863 /* Info.plist */,
			);
			path = "CST 495 Week 1: FlixTests";
			sourceTree = "<group>";
		};
		605E7E96214967940081F863 /* CST 495 Week 1: FlixUITests */ = {
			isa = PBXGroup;
			children = (
				605E7E97214967940081F863 /* CST_495_Week_1__FlixUITests.swift */,
				605E7E99214967940081F863 /* Info.plist */,
			);
			path = "CST 495 Week 1: FlixUITests";
			sourceTree = "<group>";
		};
		60F6A89D215BD998004CA2A3 /* ViewControllers */ = {
			isa = PBXGroup;
			children = (
				605E7EA52149777F0081F863 /* Now Playing VCViewController.swift */,
				60F6A89F215BD9F1004CA2A3 /* DetailVC.swift */,
			);
			path = ViewControllers;
			sourceTree = "<group>";
		};
		60F6A89E215BD9A7004CA2A3 /* Views */ = {
			isa = PBXGroup;
			children = (
				6036E1502152AAC3006C3DA0 /* MovieCell.swift */,
			);
			path = Views;
			sourceTree = "<group>";
		};
		6F46083BDADFC9A89B0430E6 /* Frameworks */ = {
			isa = PBXGroup;
			children = (
				A8C32D6AC883F18CDAADE6F0 /* Pods_CST_495_Week_1__Flix.framework */,
				90B0411FF799D921829EF3FE /* Pods_CST_495_Week_1__FlixTests.framework */,
				F96FB101DF9FB5443125822C /* Pods_CST_495_Week_1__FlixUITests.framework */,
			);
			name = Frameworks;
			sourceTree = "<group>";
		};
		8FFCFAD994085A41378BE480 /* Pods */ = {
			isa = PBXGroup;
			children = (
				D74D9F2B339BCE594CFB3E2F /* Pods-CST 495 Week 1: Flix.debug.xcconfig */,
				3067A7DF1F29F8C2BE6C15AF /* Pods-CST 495 Week 1: Flix.release.xcconfig */,
				F681339A87A5D4D7714873F0 /* Pods-CST 495 Week 1: FlixTests.debug.xcconfig */,
				E319C77A343D52CF32A5006B /* Pods-CST 495 Week 1: FlixTests.release.xcconfig */,
				25B57CE771EA20F383423179 /* Pods-CST 495 Week 1: FlixUITests.debug.xcconfig */,
				9C73F65285034012120B2592 /* Pods-CST 495 Week 1: FlixUITests.release.xcconfig */,
			);
			name = Pods;
			sourceTree = "<group>";
		};
/* End PBXGroup section */

/* Begin PBXNativeTarget section */
		605E7E73214967910081F863 /* CST 495 Week 1: Flix */ = {
			isa = PBXNativeTarget;
			buildConfigurationList = 605E7E9C214967940081F863 /* Build configuration list for PBXNativeTarget "CST 495 Week 1: Flix" */;
			buildPhases = (
				A997E2A163BB59C8AAA05841 /* [CP] Check Pods Manifest.lock */,
				605E7E70214967910081F863 /* Sources */,
				605E7E71214967910081F863 /* Frameworks */,
				605E7E72214967910081F863 /* Resources */,
				1A7326C4B558B0A277802A46 /* [CP] Embed Pods Frameworks */,
			);
			buildRules = (
			);
			dependencies = (
			);
			name = "CST 495 Week 1: Flix";
			productName = "CST 495 Week 1: Flix";
			productReference = 605E7E74214967910081F863 /* CST 495 Week 1: Flix.app */;
			productType = "com.apple.product-type.application";
		};
		605E7E87214967940081F863 /* CST 495 Week 1: FlixTests */ = {
			isa = PBXNativeTarget;
			buildConfigurationList = 605E7E9F214967940081F863 /* Build configuration list for PBXNativeTarget "CST 495 Week 1: FlixTests" */;
			buildPhases = (
				28E912E6A9945DCBE3930FA1 /* [CP] Check Pods Manifest.lock */,
				605E7E84214967940081F863 /* Sources */,
				605E7E85214967940081F863 /* Frameworks */,
				605E7E86214967940081F863 /* Resources */,
			);
			buildRules = (
			);
			dependencies = (
				605E7E8A214967940081F863 /* PBXTargetDependency */,
			);
			name = "CST 495 Week 1: FlixTests";
			productName = "CST 495 Week 1: FlixTests";
			productReference = 605E7E88214967940081F863 /* CST 495 Week 1: FlixTests.xctest */;
			productType = "com.apple.product-type.bundle.unit-test";
		};
		605E7E92214967940081F863 /* CST 495 Week 1: FlixUITests */ = {
			isa = PBXNativeTarget;
			buildConfigurationList = 605E7EA2214967940081F863 /* Build configuration list for PBXNativeTarget "CST 495 Week 1: FlixUITests" */;
			buildPhases = (
				8C67BADF9A8EEC7D8C0D02D8 /* [CP] Check Pods Manifest.lock */,
				605E7E8F214967940081F863 /* Sources */,
				605E7E90214967940081F863 /* Frameworks */,
				605E7E91214967940081F863 /* Resources */,
			);
			buildRules = (
			);
			dependencies = (
				605E7E95214967940081F863 /* PBXTargetDependency */,
			);
			name = "CST 495 Week 1: FlixUITests";
			productName = "CST 495 Week 1: FlixUITests";
			productReference = 605E7E93214967940081F863 /* CST 495 Week 1: FlixUITests.xctest */;
			productType = "com.apple.product-type.bundle.ui-testing";
		};
/* End PBXNativeTarget section */

/* Begin PBXProject section */
		605E7E6C214967900081F863 /* Project object */ = {
			isa = PBXProject;
			attributes = {
				LastSwiftUpdateCheck = 0920;
				LastUpgradeCheck = 0920;
				ORGANIZATIONNAME = "Garrett Tibbetts";
				TargetAttributes = {
					605E7E73214967910081F863 = {
						CreatedOnToolsVersion = 9.2;
						ProvisioningStyle = Automatic;
					};
					605E7E87214967940081F863 = {
						CreatedOnToolsVersion = 9.2;
						ProvisioningStyle = Automatic;
						TestTargetID = 605E7E73214967910081F863;
					};
					605E7E92214967940081F863 = {
						CreatedOnToolsVersion = 9.2;
						ProvisioningStyle = Automatic;
						TestTargetID = 605E7E73214967910081F863;
					};
				};
			};
			buildConfigurationList = 605E7E6F214967900081F863 /* Build configuration list for PBXProject "CST 495 Week 1: Flix" */;
			compatibilityVersion = "Xcode 8.0";
			developmentRegion = en;
			hasScannedForEncodings = 0;
			knownRegions = (
				en,
				Base,
			);
			mainGroup = 605E7E6B214967900081F863;
			productRefGroup = 605E7E75214967910081F863 /* Products */;
			projectDirPath = "";
			projectRoot = "";
			targets = (
				605E7E73214967910081F863 /* CST 495 Week 1: Flix */,
				605E7E87214967940081F863 /* CST 495 Week 1: FlixTests */,
				605E7E92214967940081F863 /* CST 495 Week 1: FlixUITests */,
			);
		};
/* End PBXProject section */

/* Begin PBXResourcesBuildPhase section */
		605E7E72214967910081F863 /* Resources */ = {
			isa = PBXResourcesBuildPhase;
			buildActionMask = 2147483647;
			files = (
				605E7E82214967910081F863 /* LaunchScreen.storyboard in Resources */,
				605E7E7F214967910081F863 /* Assets.xcassets in Resources */,
				605E7E7D214967910081F863 /* Main.storyboard in Resources */,
			);
			runOnlyForDeploymentPostprocessing = 0;
		};
		605E7E86214967940081F863 /* Resources */ = {
			isa = PBXResourcesBuildPhase;
			buildActionMask = 2147483647;
			files = (
			);
			runOnlyForDeploymentPostprocessing = 0;
		};
		605E7E91214967940081F863 /* Resources */ = {
			isa = PBXResourcesBuildPhase;
			buildActionMask = 2147483647;
			files = (
			);
			runOnlyForDeploymentPostprocessing = 0;
		};
/* End PBXResourcesBuildPhase section */

/* Begin PBXShellScriptBuildPhase section */
		1A7326C4B558B0A277802A46 /* [CP] Embed Pods Frameworks */ = {
			isa = PBXShellScriptBuildPhase;
			buildActionMask = 2147483647;
			files = (
			);
			inputPaths = (
				"${SRCROOT}/Pods/Target Support Files/Pods-CST 495 Week 1: Flix/Pods-CST 495 Week 1: Flix-frameworks.sh",
				"${BUILT_PRODUCTS_DIR}/Alamofire/Alamofire.framework",
				"${BUILT_PRODUCTS_DIR}/AlamofireImage/AlamofireImage.framework",
			);
			name = "[CP] Embed Pods Frameworks";
			outputPaths = (
				"${TARGET_BUILD_DIR}/${FRAMEWORKS_FOLDER_PATH}/Alamofire.framework",
				"${TARGET_BUILD_DIR}/${FRAMEWORKS_FOLDER_PATH}/AlamofireImage.framework",
			);
			runOnlyForDeploymentPostprocessing = 0;
			shellPath = /bin/sh;
			shellScript = "\"${SRCROOT}/Pods/Target Support Files/Pods-CST 495 Week 1: Flix/Pods-CST 495 Week 1: Flix-frameworks.sh\"\n";
			showEnvVarsInLog = 0;
		};
		28E912E6A9945DCBE3930FA1 /* [CP] Check Pods Manifest.lock */ = {
			isa = PBXShellScriptBuildPhase;
			buildActionMask = 2147483647;
			files = (
			);
			inputPaths = (
				"${PODS_PODFILE_DIR_PATH}/Podfile.lock",
				"${PODS_ROOT}/Manifest.lock",
			);
			name = "[CP] Check Pods Manifest.lock";
			outputPaths = (
				"$(DERIVED_FILE_DIR)/Pods-CST 495 Week 1: FlixTests-checkManifestLockResult.txt",
			);
			runOnlyForDeploymentPostprocessing = 0;
			shellPath = /bin/sh;
			shellScript = "diff \"${PODS_PODFILE_DIR_PATH}/Podfile.lock\" \"${PODS_ROOT}/Manifest.lock\" > /dev/null\nif [ $? != 0 ] ; then\n    # print error to STDERR\n    echo \"error: The sandbox is not in sync with the Podfile.lock. Run 'pod install' or update your CocoaPods installation.\" >&2\n    exit 1\nfi\n# This output is used by Xcode 'outputs' to avoid re-running this script phase.\necho \"SUCCESS\" > \"${SCRIPT_OUTPUT_FILE_0}\"\n";
			showEnvVarsInLog = 0;
		};
		8C67BADF9A8EEC7D8C0D02D8 /* [CP] Check Pods Manifest.lock */ = {
			isa = PBXShellScriptBuildPhase;
			buildActionMask = 2147483647;
			files = (
			);
			inputPaths = (
				"${PODS_PODFILE_DIR_PATH}/Podfile.lock",
				"${PODS_ROOT}/Manifest.lock",
			);
			name = "[CP] Check Pods Manifest.lock";
			outputPaths = (
				"$(DERIVED_FILE_DIR)/Pods-CST 495 Week 1: FlixUITests-checkManifestLockResult.txt",
			);
			runOnlyForDeploymentPostprocessing = 0;
			shellPath = /bin/sh;
			shellScript = "diff \"${PODS_PODFILE_DIR_PATH}/Podfile.lock\" \"${PODS_ROOT}/Manifest.lock\" > /dev/null\nif [ $? != 0 ] ; then\n    # print error to STDERR\n    echo \"error: The sandbox is not in sync with the Podfile.lock. Run 'pod install' or update your CocoaPods installation.\" >&2\n    exit 1\nfi\n# This output is used by Xcode 'outputs' to avoid re-running this script phase.\necho \"SUCCESS\" > \"${SCRIPT_OUTPUT_FILE_0}\"\n";
			showEnvVarsInLog = 0;
		};
		A997E2A163BB59C8AAA05841 /* [CP] Check Pods Manifest.lock */ = {
			isa = PBXShellScriptBuildPhase;
			buildActionMask = 2147483647;
			files = (
			);
			inputPaths = (
				"${PODS_PODFILE_DIR_PATH}/Podfile.lock",
				"${PODS_ROOT}/Manifest.lock",
			);
			name = "[CP] Check Pods Manifest.lock";
			outputPaths = (
				"$(DERIVED_FILE_DIR)/Pods-CST 495 Week 1: Flix-checkManifestLockResult.txt",
			);
			runOnlyForDeploymentPostprocessing = 0;
			shellPath = /bin/sh;
			shellScript = "diff \"${PODS_PODFILE_DIR_PATH}/Podfile.lock\" \"${PODS_ROOT}/Manifest.lock\" > /dev/null\nif [ $? != 0 ] ; then\n    # print error to STDERR\n    echo \"error: The sandbox is not in sync with the Podfile.lock. Run 'pod install' or update your CocoaPods installation.\" >&2\n    exit 1\nfi\n# This output is used by Xcode 'outputs' to avoid re-running this script phase.\necho \"SUCCESS\" > \"${SCRIPT_OUTPUT_FILE_0}\"\n";
			showEnvVarsInLog = 0;
		};
/* End PBXShellScriptBuildPhase section */

/* Begin PBXSourcesBuildPhase section */
		605E7E70214967910081F863 /* Sources */ = {
			isa = PBXSourcesBuildPhase;
			buildActionMask = 2147483647;
			files = (
				605E7E78214967910081F863 /* AppDelegate.swift in Sources */,
				60F6A8A0215BD9F1004CA2A3 /* DetailVC.swift in Sources */,
				605E7EA62149777F0081F863 /* Now Playing VCViewController.swift in Sources */,
				6036E1512152AAC3006C3DA0 /* MovieCell.swift in Sources */,
			);
			runOnlyForDeploymentPostprocessing = 0;
		};
		605E7E84214967940081F863 /* Sources */ = {
			isa = PBXSourcesBuildPhase;
			buildActionMask = 2147483647;
			files = (
				605E7E8D214967940081F863 /* CST_495_Week_1__FlixTests.swift in Sources */,
			);
			runOnlyForDeploymentPostprocessing = 0;
		};
		605E7E8F214967940081F863 /* Sources */ = {
			isa = PBXSourcesBuildPhase;
			buildActionMask = 2147483647;
			files = (
				605E7E98214967940081F863 /* CST_495_Week_1__FlixUITests.swift in Sources */,
			);
			runOnlyForDeploymentPostprocessing = 0;
		};
/* End PBXSourcesBuildPhase section */

/* Begin PBXTargetDependency section */
		605E7E8A214967940081F863 /* PBXTargetDependency */ = {
			isa = PBXTargetDependency;
			target = 605E7E73214967910081F863 /* CST 495 Week 1: Flix */;
			targetProxy = 605E7E89214967940081F863 /* PBXContainerItemProxy */;
		};
		605E7E95214967940081F863 /* PBXTargetDependency */ = {
			isa = PBXTargetDependency;
			target = 605E7E73214967910081F863 /* CST 495 Week 1: Flix */;
			targetProxy = 605E7E94214967940081F863 /* PBXContainerItemProxy */;
		};
/* End PBXTargetDependency section */

/* Begin PBXVariantGroup section */
		605E7E7B214967910081F863 /* Main.storyboard */ = {
			isa = PBXVariantGroup;
			children = (
				605E7E7C214967910081F863 /* Base */,
			);
			name = Main.storyboard;
			sourceTree = "<group>";
		};
		605E7E80214967910081F863 /* LaunchScreen.storyboard */ = {
			isa = PBXVariantGroup;
			children = (
				605E7E81214967910081F863 /* Base */,
			);
			name = LaunchScreen.storyboard;
			sourceTree = "<group>";
		};
/* End PBXVariantGroup section */

/* Begin XCBuildConfiguration section */
		605E7E9A214967940081F863 /* Debug */ = {
			isa = XCBuildConfiguration;
			buildSettings = {
				ALWAYS_SEARCH_USER_PATHS = NO;
				CLANG_ANALYZER_NONNULL = YES;
				CLANG_ANALYZER_NUMBER_OBJECT_CONVERSION = YES_AGGRESSIVE;
				CLANG_CXX_LANGUAGE_STANDARD = "gnu++14";
				CLANG_CXX_LIBRARY = "libc++";
				CLANG_ENABLE_MODULES = YES;
				CLANG_ENABLE_OBJC_ARC = YES;
				CLANG_WARN_BLOCK_CAPTURE_AUTORELEASING = YES;
				CLANG_WARN_BOOL_CONVERSION = YES;
				CLANG_WARN_COMMA = YES;
				CLANG_WARN_CONSTANT_CONVERSION = YES;
				CLANG_WARN_DIRECT_OBJC_ISA_USAGE = YES_ERROR;
				CLANG_WARN_DOCUMENTATION_COMMENTS = YES;
				CLANG_WARN_EMPTY_BODY = YES;
				CLANG_WARN_ENUM_CONVERSION = YES;
				CLANG_WARN_INFINITE_RECURSION = YES;
				CLANG_WARN_INT_CONVERSION = YES;
				CLANG_WARN_NON_LITERAL_NULL_CONVERSION = YES;
				CLANG_WARN_OBJC_LITERAL_CONVERSION = YES;
				CLANG_WARN_OBJC_ROOT_CLASS = YES_ERROR;
				CLANG_WARN_RANGE_LOOP_ANALYSIS = YES;
				CLANG_WARN_STRICT_PROTOTYPES = YES;
				CLANG_WARN_SUSPICIOUS_MOVE = YES;
				CLANG_WARN_UNGUARDED_AVAILABILITY = YES_AGGRESSIVE;
				CLANG_WARN_UNREACHABLE_CODE = YES;
				CLANG_WARN__DUPLICATE_METHOD_MATCH = YES;
				CODE_SIGN_IDENTITY = "iPhone Developer";
				COPY_PHASE_STRIP = NO;
				DEBUG_INFORMATION_FORMAT = dwarf;
				ENABLE_STRICT_OBJC_MSGSEND = YES;
				ENABLE_TESTABILITY = YES;
				GCC_C_LANGUAGE_STANDARD = gnu11;
				GCC_DYNAMIC_NO_PIC = NO;
				GCC_NO_COMMON_BLOCKS = YES;
				GCC_OPTIMIZATION_LEVEL = 0;
				GCC_PREPROCESSOR_DEFINITIONS = (
					"DEBUG=1",
					"$(inherited)",
				);
				GCC_WARN_64_TO_32_BIT_CONVERSION = YES;
				GCC_WARN_ABOUT_RETURN_TYPE = YES_ERROR;
				GCC_WARN_UNDECLARED_SELECTOR = YES;
				GCC_WARN_UNINITIALIZED_AUTOS = YES_AGGRESSIVE;
				GCC_WARN_UNUSED_FUNCTION = YES;
				GCC_WARN_UNUSED_VARIABLE = YES;
				IPHONEOS_DEPLOYMENT_TARGET = 11.2;
				MTL_ENABLE_DEBUG_INFO = YES;
				ONLY_ACTIVE_ARCH = YES;
				SDKROOT = iphoneos;
				SWIFT_ACTIVE_COMPILATION_CONDITIONS = DEBUG;
				SWIFT_OPTIMIZATION_LEVEL = "-Onone";
			};
			name = Debug;
		};
		605E7E9B214967940081F863 /* Release */ = {
			isa = XCBuildConfiguration;
			buildSettings = {
				ALWAYS_SEARCH_USER_PATHS = NO;
				CLANG_ANALYZER_NONNULL = YES;
				CLANG_ANALYZER_NUMBER_OBJECT_CONVERSION = YES_AGGRESSIVE;
				CLANG_CXX_LANGUAGE_STANDARD = "gnu++14";
				CLANG_CXX_LIBRARY = "libc++";
				CLANG_ENABLE_MODULES = YES;
				CLANG_ENABLE_OBJC_ARC = YES;
				CLANG_WARN_BLOCK_CAPTURE_AUTORELEASING = YES;
				CLANG_WARN_BOOL_CONVERSION = YES;
				CLANG_WARN_COMMA = YES;
				CLANG_WARN_CONSTANT_CONVERSION = YES;
				CLANG_WARN_DIRECT_OBJC_ISA_USAGE = YES_ERROR;
				CLANG_WARN_DOCUMENTATION_COMMENTS = YES;
				CLANG_WARN_EMPTY_BODY = YES;
				CLANG_WARN_ENUM_CONVERSION = YES;
				CLANG_WARN_INFINITE_RECURSION = YES;
				CLANG_WARN_INT_CONVERSION = YES;
				CLANG_WARN_NON_LITERAL_NULL_CONVERSION = YES;
				CLANG_WARN_OBJC_LITERAL_CONVERSION = YES;
				CLANG_WARN_OBJC_ROOT_CLASS = YES_ERROR;
				CLANG_WARN_RANGE_LOOP_ANALYSIS = YES;
				CLANG_WARN_STRICT_PROTOTYPES = YES;
				CLANG_WARN_SUSPICIOUS_MOVE = YES;
				CLANG_WARN_UNGUARDED_AVAILABILITY = YES_AGGRESSIVE;
				CLANG_WARN_UNREACHABLE_CODE = YES;
				CLANG_WARN__DUPLICATE_METHOD_MATCH = YES;
				CODE_SIGN_IDENTITY = "iPhone Developer";
				COPY_PHASE_STRIP = NO;
				DEBUG_INFORMATION_FORMAT = "dwarf-with-dsym";
				ENABLE_NS_ASSERTIONS = NO;
				ENABLE_STRICT_OBJC_MSGSEND = YES;
				GCC_C_LANGUAGE_STANDARD = gnu11;
				GCC_NO_COMMON_BLOCKS = YES;
				GCC_WARN_64_TO_32_BIT_CONVERSION = YES;
				GCC_WARN_ABOUT_RETURN_TYPE = YES_ERROR;
				GCC_WARN_UNDECLARED_SELECTOR = YES;
				GCC_WARN_UNINITIALIZED_AUTOS = YES_AGGRESSIVE;
				GCC_WARN_UNUSED_FUNCTION = YES;
				GCC_WARN_UNUSED_VARIABLE = YES;
				IPHONEOS_DEPLOYMENT_TARGET = 11.2;
				MTL_ENABLE_DEBUG_INFO = NO;
				SDKROOT = iphoneos;
				SWIFT_OPTIMIZATION_LEVEL = "-Owholemodule";
				VALIDATE_PRODUCT = YES;
			};
			name = Release;
		};
		605E7E9D214967940081F863 /* Debug */ = {
			isa = XCBuildConfiguration;
			baseConfigurationReference = D74D9F2B339BCE594CFB3E2F /* Pods-CST 495 Week 1: Flix.debug.xcconfig */;
			buildSettings = {
				ASSETCATALOG_COMPILER_APPICON_NAME = AppIcon;
				CODE_SIGN_STYLE = Automatic;
				INFOPLIST_FILE = "CST 495 Week 1: Flix/Info.plist";
				LD_RUNPATH_SEARCH_PATHS = "$(inherited) @executable_path/Frameworks";
				PRODUCT_BUNDLE_IDENTIFIER = "GT.CST-495-Week-1--Flix";
				PRODUCT_NAME = "$(TARGET_NAME)";
				SWIFT_VERSION = 4.0;
				TARGETED_DEVICE_FAMILY = "1,2";
			};
			name = Debug;
		};
		605E7E9E214967940081F863 /* Release */ = {
			isa = XCBuildConfiguration;
			baseConfigurationReference = 3067A7DF1F29F8C2BE6C15AF /* Pods-CST 495 Week 1: Flix.release.xcconfig */;
			buildSettings = {
				ASSETCATALOG_COMPILER_APPICON_NAME = AppIcon;
				CODE_SIGN_STYLE = Automatic;
				INFOPLIST_FILE = "CST 495 Week 1: Flix/Info.plist";
				LD_RUNPATH_SEARCH_PATHS = "$(inherited) @executable_path/Frameworks";
				PRODUCT_BUNDLE_IDENTIFIER = "GT.CST-495-Week-1--Flix";
				PRODUCT_NAME = "$(TARGET_NAME)";
				SWIFT_VERSION = 4.0;
				TARGETED_DEVICE_FAMILY = "1,2";
			};
			name = Release;
		};
		605E7EA0214967940081F863 /* Debug */ = {
			isa = XCBuildConfiguration;
			baseConfigurationReference = F681339A87A5D4D7714873F0 /* Pods-CST 495 Week 1: FlixTests.debug.xcconfig */;
			buildSettings = {
				ALWAYS_EMBED_SWIFT_STANDARD_LIBRARIES = YES;
				BUNDLE_LOADER = "$(TEST_HOST)";
				CODE_SIGN_STYLE = Automatic;
				INFOPLIST_FILE = "CST 495 Week 1: FlixTests/Info.plist";
				LD_RUNPATH_SEARCH_PATHS = "$(inherited) @executable_path/Frameworks @loader_path/Frameworks";
				PRODUCT_BUNDLE_IDENTIFIER = "GT.CST-495-Week-1--FlixTests";
				PRODUCT_NAME = "$(TARGET_NAME)";
				SWIFT_VERSION = 4.0;
				TARGETED_DEVICE_FAMILY = "1,2";
				TEST_HOST = "$(BUILT_PRODUCTS_DIR)/CST 495 Week 1: Flix.app/CST 495 Week 1: Flix";
			};
			name = Debug;
		};
		605E7EA1214967940081F863 /* Release */ = {
			isa = XCBuildConfiguration;
			baseConfigurationReference = E319C77A343D52CF32A5006B /* Pods-CST 495 Week 1: FlixTests.release.xcconfig */;
			buildSettings = {
				ALWAYS_EMBED_SWIFT_STANDARD_LIBRARIES = YES;
				BUNDLE_LOADER = "$(TEST_HOST)";
				CODE_SIGN_STYLE = Automatic;
				INFOPLIST_FILE = "CST 495 Week 1: FlixTests/Info.plist";
				LD_RUNPATH_SEARCH_PATHS = "$(inherited) @executable_path/Frameworks @loader_path/Frameworks";
				PRODUCT_BUNDLE_IDENTIFIER = "GT.CST-495-Week-1--FlixTests";
				PRODUCT_NAME = "$(TARGET_NAME)";
				SWIFT_VERSION = 4.0;
				TARGETED_DEVICE_FAMILY = "1,2";
				TEST_HOST = "$(BUILT_PRODUCTS_DIR)/CST 495 Week 1: Flix.app/CST 495 Week 1: Flix";
			};
			name = Release;
		};
		605E7EA3214967940081F863 /* Debug */ = {
			isa = XCBuildConfiguration;
			baseConfigurationReference = 25B57CE771EA20F383423179 /* Pods-CST 495 Week 1: FlixUITests.debug.xcconfig */;
			buildSettings = {
				ALWAYS_EMBED_SWIFT_STANDARD_LIBRARIES = YES;
				CODE_SIGN_STYLE = Automatic;
				INFOPLIST_FILE = "CST 495 Week 1: FlixUITests/Info.plist";
				LD_RUNPATH_SEARCH_PATHS = "$(inherited) @executable_path/Frameworks @loader_path/Frameworks";
				PRODUCT_BUNDLE_IDENTIFIER = "GT.CST-495-Week-1--FlixUITests";
				PRODUCT_NAME = "$(TARGET_NAME)";
				SWIFT_VERSION = 4.0;
				TARGETED_DEVICE_FAMILY = "1,2";
				TEST_TARGET_NAME = "CST 495 Week 1: Flix";
			};
			name = Debug;
		};
		605E7EA4214967940081F863 /* Release */ = {
			isa = XCBuildConfiguration;
			baseConfigurationReference = 9C73F65285034012120B2592 /* Pods-CST 495 Week 1: FlixUITests.release.xcconfig */;
			buildSettings = {
				ALWAYS_EMBED_SWIFT_STANDARD_LIBRARIES = YES;
				CODE_SIGN_STYLE = Automatic;
				INFOPLIST_FILE = "CST 495 Week 1: FlixUITests/Info.plist";
				LD_RUNPATH_SEARCH_PATHS = "$(inherited) @executable_path/Frameworks @loader_path/Frameworks";
				PRODUCT_BUNDLE_IDENTIFIER = "GT.CST-495-Week-1--FlixUITests";
				PRODUCT_NAME = "$(TARGET_NAME)";
				SWIFT_VERSION = 4.0;
				TARGETED_DEVICE_FAMILY = "1,2";
				TEST_TARGET_NAME = "CST 495 Week 1: Flix";
			};
			name = Release;
		};
/* End XCBuildConfiguration section */

/* Begin XCConfigurationList section */
		605E7E6F214967900081F863 /* Build configuration list for PBXProject "CST 495 Week 1: Flix" */ = {
			isa = XCConfigurationList;
			buildConfigurations = (
				605E7E9A214967940081F863 /* Debug */,
				605E7E9B214967940081F863 /* Release */,
			);
			defaultConfigurationIsVisible = 0;
			defaultConfigurationName = Release;
		};
		605E7E9C214967940081F863 /* Build configuration list for PBXNativeTarget "CST 495 Week 1: Flix" */ = {
			isa = XCConfigurationList;
			buildConfigurations = (
				605E7E9D214967940081F863 /* Debug */,
				605E7E9E214967940081F863 /* Release */,
			);
			defaultConfigurationIsVisible = 0;
			defaultConfigurationName = Release;
		};
		605E7E9F214967940081F863 /* Build configuration list for PBXNativeTarget "CST 495 Week 1: FlixTests" */ = {
			isa = XCConfigurationList;
			buildConfigurations = (
				605E7EA0214967940081F863 /* Debug */,
				605E7EA1214967940081F863 /* Release */,
			);
			defaultConfigurationIsVisible = 0;
			defaultConfigurationName = Release;
		};
		605E7EA2214967940081F863 /* Build configuration list for PBXNativeTarget "CST 495 Week 1: FlixUITests" */ = {
			isa = XCConfigurationList;
			buildConfigurations = (
				605E7EA3214967940081F863 /* Debug */,
				605E7EA4214967940081F863 /* Release */,
			);
			defaultConfigurationIsVisible = 0;
			defaultConfigurationName = Release;
		};
/* End XCConfigurationList section */
	};
	rootObject = 605E7E6C214967900081F863 /* Project object */;
}
